
Microsoft Visual Studio Solution File, Format Version 12.00
# Visual Studio Version 17
VisualStudioVersion = 17.10.35004.147
MinimumVisualStudioVersion = 10.0.40219.1
Project("{FAE04EC0-301F-11D3-BF4B-00C04F79EFBC}") = "LibraryMgm", "LibraryMgm\LibraryMgm.csproj", "{DC141C4A-3CED-4884-B62E-858F9BAC5CF1}"
EndProject
Project("{FAE04EC0-301F-11D3-BF4B-00C04F79EFBC}") = "LibraryMgm.Model", "LibraryMgm.Model\LibraryMgm.Model.csproj", "{8657B0F5-79C0-4BF1-9A4D-4EB58E73CED3}"
EndProject
Project("{FAE04EC0-301F-11D3-BF4B-00C04F79EFBC}") = "LibraryMgm.BLL", "LibraryMgm.BLL\LibraryMgm.BLL.csproj", "{AFD64BBB-9211-40C0-943A-07172CA9A49F}"
EndProject
Project("{FAE04EC0-301F-11D3-BF4B-00C04F79EFBC}") = "LibraryMgm.DataAccess", "LibraryMgm.DataAccess\LibraryMgm.DataAccess.csproj", "{AA69BBD0-9F1B-4B87-B393-78DAFFCC0EF4}"
EndProject
Global
	GlobalSection(SolutionConfigurationPlatforms) = preSolution
		Debug|Any CPU = Debug|Any CPU
		Release|Any CPU = Release|Any CPU
	EndGlobalSection
	GlobalSection(ProjectConfigurationPlatforms) = postSolution
		{DC141C4A-3CED-4884-B62E-858F9BAC5CF1}.Debug|Any CPU.ActiveCfg = Debug|Any CPU
		{DC141C4A-3CED-4884-B62E-858F9BAC5CF1}.Debug|Any CPU.Build.0 = Debug|Any CPU
		{DC141C4A-3CED-4884-B62E-858F9BAC5CF1}.Release|Any CPU.ActiveCfg = Release|Any CPU
		{DC141C4A-3CED-4884-B62E-858F9BAC5CF1}.Release|Any CPU.Build.0 = Release|Any CPU
		{8657B0F5-79C0-4BF1-9A4D-4EB58E73CED3}.Debug|Any CPU.ActiveCfg = Debug|Any CPU
		{8657B0F5-79C0-4BF1-9A4D-4EB58E73CED3}.Debug|Any CPU.Build.0 = Debug|Any CPU
		{8657B0F5-79C0-4BF1-9A4D-4EB58E73CED3}.Release|Any CPU.ActiveCfg = Release|Any CPU
		{8657B0F5-79C0-4BF1-9A4D-4EB58E73CED3}.Release|Any CPU.Build.0 = Release|Any CPU
		{AFD64BBB-9211-40C0-943A-07172CA9A49F}.Debug|Any CPU.ActiveCfg = Debug|Any CPU
		{AFD64BBB-9211-40C0-943A-07172CA9A49F}.Debug|Any CPU.Build.0 = Debug|Any CPU
		{AFD64BBB-9211-40C0-943A-07172CA9A49F}.Release|Any CPU.ActiveCfg = Release|Any CPU
		{AFD64BBB-9211-40C0-943A-07172CA9A49F}.Release|Any CPU.Build.0 = Release|Any CPU
		{AA69BBD0-9F1B-4B87-B393-78DAFFCC0EF4}.Debug|Any CPU.ActiveCfg = Debug|Any CPU
		{AA69BBD0-9F1B-4B87-B393-78DAFFCC0EF4}.Debug|Any CPU.Build.0 = Debug|Any CPU
		{AA69BBD0-9F1B-4B87-B393-78DAFFCC0EF4}.Release|Any CPU.ActiveCfg = Release|Any CPU
		{AA69BBD0-9F1B-4B87-B393-78DAFFCC0EF4}.Release|Any CPU.Build.0 = Release|Any CPU
	EndGlobalSection
	GlobalSection(SolutionProperties) = preSolution
		HideSolutionNode = FALSE
	EndGlobalSection
	GlobalSection(ExtensibilityGlobals) = postSolution
		SolutionGuid = {3429562C-37C6-4154-80EF-A415824F5091}
	EndGlobalSection
EndGlobal
